schema: '2.0'
stages:
  data_ingestion:
    cmd: python src/data/data_ingestion.py
    deps:
    - path: src/data/data_ingestion.py
      hash: md5
      md5: 18ff76cfb20a5cf69a6aa78e5d565952
      size: 3685
    params:
      params.yaml:
        data_ingestion.test_size: 0.18
    outs:
    - path: data/raw
      hash: md5
      md5: 3352dc32745f2e24f7780a761b0be1d7.dir
      size: 153106
      nfiles: 2
  data_preprocessing:
    cmd: python src/data/data_preprocessing.py
    deps:
    - path: data/raw
      hash: md5
      md5: 3352dc32745f2e24f7780a761b0be1d7.dir
      size: 153106
      nfiles: 2
    - path: src/data/data_preprocessing.py
      hash: md5
      md5: fe5a4f403102a7344fb17f007e5c24a0
      size: 3455
    outs:
    - path: data/interim
      hash: md5
      md5: 61eb42a7f77a04db96d6fd2cbea7de79.dir
      size: 304227
      nfiles: 4
  feature_engineering:
    cmd: python src/features/feature_engineering.py
    deps:
    - path: data/interim
      hash: md5
      md5: 61eb42a7f77a04db96d6fd2cbea7de79.dir
      size: 304227
      nfiles: 4
    - path: src/features/feature_engineering.py
      hash: md5
      md5: 30e91e725578b6582f09238a4490d228
      size: 4052
    outs:
    - path: data/processed
      hash: md5
      md5: ce202543762613699f79a46ecdef7e43.dir
      size: 747324
      nfiles: 4
    - path: models/scaler.pkl
      hash: md5
      md5: 34160365c61e049390e08017c2a292f6
      size: 2420
  model_preparation:
    cmd: python src/model/model_building.py
    deps:
    - path: data/processed
      hash: md5
      md5: ce202543762613699f79a46ecdef7e43.dir
      size: 747324
      nfiles: 4
    - path: src/model/model_building.py
      hash: md5
      md5: 37e3579050423170aa1e2c7db287040c
      size: 3542
    params:
      params.yaml:
        model_building.cv: 3
        model_building.hyperparameters.max_depth:
        - 
        - 10
        - 20
        - 30
        - 40
        - 50
        model_building.hyperparameters.min_samples_leaf:
        - 1
        - 2
        - 4
        model_building.hyperparameters.min_samples_split:
        - 2
        - 5
        - 10
        model_building.hyperparameters.n_estimators:
        - 50
        - 100
        - 150
        - 200
        model_building.n_iter: 20
    outs:
    - path: models/model.pkl
      hash: md5
      md5: d8e04546877a27763f37dd0d4c0fc77a
      size: 2616448
  model_evaluation:
    cmd: python src/model/model_evaluation.py
    deps:
    - path: models/model.pkl
      hash: md5
      md5: d8e04546877a27763f37dd0d4c0fc77a
      size: 2616448
    - path: src/model/model_evaluation.py
      hash: md5
      md5: fa4730142965efa3075ea0063485674b
      size: 5168
    outs:
    - path: reports/experiment_info.json
      hash: md5
      md5: 1a4eece62d18bc585b7a188804485966
      size: 82
    - path: reports/metrics.json
      hash: md5
      md5: 382a0086e733d2736b243e0476ac52b2
      size: 154
  register_model:
    cmd: python src/model/register_model.py
    deps:
    - path: reports/experiment_info.json
      hash: md5
      md5: 1a4eece62d18bc585b7a188804485966
      size: 82
    - path: src/model/register_model.py
      hash: md5
      md5: 396043479233601ce4f14f8fe7bb1b23
      size: 2519
